
Microsoft Visual Studio Solution File, Format Version 12.00
# Visual Studio Version 16
VisualStudioVersion = 16.0.32228.343
MinimumVisualStudioVersion = 10.0.40219.1
Project("{E24C65DC-7377-472B-9ABA-BC803B73C61A}") = "Sales Management Portal", ".", "{5E65F9BE-49AD-43B9-AA36-9D4DA1D1B7CE}"
	ProjectSection(WebsiteProperties) = preProject
		TargetFrameworkMoniker = ".NETFramework,Version%3Dv4.0"
		Debug.AspNetCompiler.VirtualPath = "/localhost_50593"
		Debug.AspNetCompiler.PhysicalPath = "..\Sales Management Portal\"
		Debug.AspNetCompiler.TargetPath = "PrecompiledWeb\localhost_50593\"
		Debug.AspNetCompiler.Updateable = "true"
		Debug.AspNetCompiler.ForceOverwrite = "true"
		Debug.AspNetCompiler.FixedNames = "false"
		Debug.AspNetCompiler.Debug = "True"
		Release.AspNetCompiler.VirtualPath = "/localhost_50593"
		Release.AspNetCompiler.PhysicalPath = "..\Sales Management Portal\"
		Release.AspNetCompiler.TargetPath = "PrecompiledWeb\localhost_50593\"
		Release.AspNetCompiler.Updateable = "true"
		Release.AspNetCompiler.ForceOverwrite = "true"
		Release.AspNetCompiler.FixedNames = "false"
		Release.AspNetCompiler.Debug = "False"
		VWDPort = "50593"
	EndProjectSection
EndProject
Global
	GlobalSection(SolutionConfigurationPlatforms) = preSolution
		Debug|Any CPU = Debug|Any CPU
	EndGlobalSection
	GlobalSection(ProjectConfigurationPlatforms) = postSolution
		{5E65F9BE-49AD-43B9-AA36-9D4DA1D1B7CE}.Debug|Any CPU.ActiveCfg = Debug|Any CPU
		{5E65F9BE-49AD-43B9-AA36-9D4DA1D1B7CE}.Debug|Any CPU.Build.0 = Debug|Any CPU
	EndGlobalSection
	GlobalSection(SolutionProperties) = preSolution
		HideSolutionNode = FALSE
	EndGlobalSection
	GlobalSection(ExtensibilityGlobals) = postSolution
		SolutionGuid = {B797C5A0-5580-4492-AFFF-0D90E0CDFDF2}
	EndGlobalSection
EndGlobal
